
Microsoft Visual Studio Solution File, Format Version 12.00
# Visual Studio Version 16
VisualStudioVersion = 16.0.31112.23
MinimumVisualStudioVersion = 10.0.40219.1
Project("{888888A0-9F3D-457C-B088-3A5042F75D52}") = "FractalAnalysis", "FractalAnalysis.pyproj", "{4A766821-3F81-4AAC-B0A8-C3A329046CCF}"
EndProject
Global
	GlobalSection(SolutionConfigurationPlatforms) = preSolution
		Debug|Any CPU = Debug|Any CPU
		Release|Any CPU = Release|Any CPU
	EndGlobalSection
	GlobalSection(ProjectConfigurationPlatforms) = postSolution
		{4A766821-3F81-4AAC-B0A8-C3A329046CCF}.Debug|Any CPU.ActiveCfg = Debug|Any CPU
		{4A766821-3F81-4AAC-B0A8-C3A329046CCF}.Release|Any CPU.ActiveCfg = Release|Any CPU
	EndGlobalSection
	GlobalSection(SolutionProperties) = preSolution
		HideSolutionNode = FALSE
	EndGlobalSection
	GlobalSection(ExtensibilityGlobals) = postSolution
		SolutionGuid = {EFC1F4F2-8C77-4F46-8AE7-A0782599D446}
	EndGlobalSection
EndGlobal
